<?xml version="1.0" encoding="utf-8"?>
<Project ToolsVersion="4.0" xmlns="http://schemas.microsoft.com/developer/msbuild/2003">
  <ItemGroup>
    <Filter Include="Source Files">
      <UniqueIdentifier>{4FC737F1-C7A5-4376-A066-2A32D752A2FF}</UniqueIdentifier>
      <Extensions>cpp;c;cc;cxx;c++;cppm;ixx;def;odl;idl;hpj;bat;asm;asmx</Extensions>
    </Filter>
    <Filter Include="Header Files">
      <UniqueIdentifier>{93995380-89BD-4b04-88EB-625FBE52EBFB}</UniqueIdentifier>
      <Extensions>h;hh;hpp;hxx;h++;hm;inl;inc;ipp;xsd</Extensions>
    </Filter>
    <Filter Include="Resource Files">
      <UniqueIdentifier>{67DA6AB6-F800-4c08-8B7A-83BB121AAD01}</UniqueIdentifier>
      <Extensions>rc;ico;cur;bmp;dlg;rc2;rct;bin;rgs;gif;jpg;jpeg;jpe;resx;tiff;tif;png;wav;mfcribbon-ms</Extensions>
    </Filter>
  </ItemGroup>
  <ItemGroup>
    <ClCompile Include="main.cpp">
      <Filter>Source Files</Filter>
    </ClCompile>
    <ClCompile Include="Candle.cpp">
      <Filter>Source Files</Filter>
    </ClCompile>
    <ClCompile Include="PairProvider.cpp">
      <Filter>Source Files</Filter>
    </ClCompile>
    <ClCompile Include="IChart.cpp">
      <Filter>Source Files</Filter>
    </ClCompile>
    <ClCompile Include="ChartEmulator.cpp">
      <Filter>Source Files</Filter>
    </ClCompile>
    <ClCompile Include="ITrade.cpp">
      <Filter>Source Files</Filter>
    </ClCompile>
    <ClCompile Include="IPocket.cpp">
      <Filter>Source Files</Filter>
    </ClCompile>
    <ClCompile Include="ChartAgent.cpp">
      <Filter>Source Files</Filter>
    </ClCompile>
    <ClCompile Include="ISeries.cpp">
      <Filter>Source Files</Filter>
    </ClCompile>
    <ClCompile Include="MASeries.cpp">
      <Filter>Source Files</Filter>
    </ClCompile>
    <ClCompile Include="IStrategy.cpp">
      <Filter>Source Files</Filter>
    </ClCompile>
    <ClCompile Include="MAStrategy.cpp">
      <Filter>Source Files</Filter>
    </ClCompile>
    <ClCompile Include="IBacktest.cpp">
      <Filter>Source Files</Filter>
    </ClCompile>
    <ClCompile Include="Program.cpp">
      <Filter>Source Files</Filter>
    </ClCompile>
    <ClCompile Include="Dependencies\WINDOW\Window.cpp">
      <Filter>Source Files</Filter>
    </ClCompile>
    <ClCompile Include="Dependencies\RENDER\CircleBatchRender.cpp">
      <Filter>Source Files</Filter>
    </ClCompile>
    <ClCompile Include="Dependencies\RENDER\FilledBoxBatchRender.cpp">
      <Filter>Source Files</Filter>
    </ClCompile>
    <ClCompile Include="Dependencies\RENDER\FilledCircleBatchRender.cpp">
      <Filter>Source Files</Filter>
    </ClCompile>
    <ClCompile Include="Dependencies\RENDER\FPSTimer.cpp">
      <Filter>Source Files</Filter>
    </ClCompile>
    <ClCompile Include="Dependencies\RENDER\GraphApiCamera.cpp">
      <Filter>Source Files</Filter>
    </ClCompile>
    <ClCompile Include="Dependencies\RENDER\LineBatchRender.cpp">
      <Filter>Source Files</Filter>
    </ClCompile>
    <ClCompile Include="Dependencies\RENDER\Render.cpp">
      <Filter>Source Files</Filter>
    </ClCompile>
    <ClCompile Include="Dependencies\RENDER\TriangleBatchRender.cpp">
      <Filter>Source Files</Filter>
    </ClCompile>
    <ClCompile Include="Dependencies\RENDER\TriangleRender.cpp">
      <Filter>Source Files</Filter>
    </ClCompile>
    <ClCompile Include="Dependencies\RENDER\Vertex.cpp">
      <Filter>Source Files</Filter>
    </ClCompile>
    <ClCompile Include="Dependencies\RENDER\WinGL\OGL2Render.cpp">
      <Filter>Source Files</Filter>
    </ClCompile>
    <ClCompile Include="Dependencies\RENDER\WinGL\OGL2TriangleRender.cpp">
      <Filter>Source Files</Filter>
    </ClCompile>
    <ClCompile Include="Dependencies\RENDER\Maths.cpp">
      <Filter>Source Files</Filter>
    </ClCompile>
    <ClCompile Include="WGL4Render.cpp">
      <Filter>Source Files</Filter>
    </ClCompile>
    <ClCompile Include="WGL4TriangleRender.cpp">
      <Filter>Source Files</Filter>
    </ClCompile>
    <ClCompile Include="Dependencies\RENDER\WinGL\BufferLayout.cpp">
      <Filter>Source Files</Filter>
    </ClCompile>
    <ClCompile Include="Dependencies\RENDER\WinGL\IndexBuffer.cpp">
      <Filter>Source Files</Filter>
    </ClCompile>
    <ClCompile Include="Dependencies\RENDER\WinGL\Shader.cpp">
      <Filter>Source Files</Filter>
    </ClCompile>
    <ClCompile Include="Dependencies\RENDER\WinGL\VertexArray.cpp">
      <Filter>Source Files</Filter>
    </ClCompile>
    <ClCompile Include="Dependencies\RENDER\WinGL\VertexBuffer.cpp">
      <Filter>Source Files</Filter>
    </ClCompile>
    <ClCompile Include="MAStrategyBacktest.cpp">
      <Filter>Source Files</Filter>
    </ClCompile>
  </ItemGroup>
  <ItemGroup>
    <ClInclude Include="csv.h">
      <Filter>Header Files</Filter>
    </ClInclude>
    <ClInclude Include="Candle.h">
      <Filter>Header Files</Filter>
    </ClInclude>
    <ClInclude Include="PairProvider.h">
      <Filter>Header Files</Filter>
    </ClInclude>
    <ClInclude Include="IChart.h">
      <Filter>Header Files</Filter>
    </ClInclude>
    <ClInclude Include="ChartEmulator.h">
      <Filter>Header Files</Filter>
    </ClInclude>
    <ClInclude Include="Listeners.h">
      <Filter>Header Files</Filter>
    </ClInclude>
    <ClInclude Include="ITrade.h">
      <Filter>Header Files</Filter>
    </ClInclude>
    <ClInclude Include="IPocket.h">
      <Filter>Header Files</Filter>
    </ClInclude>
    <ClInclude Include="ChartAgent.h">
      <Filter>Header Files</Filter>
    </ClInclude>
    <ClInclude Include="ISeries.h">
      <Filter>Header Files</Filter>
    </ClInclude>
    <ClInclude Include="MASeries.h">
      <Filter>Header Files</Filter>
    </ClInclude>
    <ClInclude Include="IStrategy.h">
      <Filter>Header Files</Filter>
    </ClInclude>
    <ClInclude Include="MAStrategy.h">
      <Filter>Header Files</Filter>
    </ClInclude>
    <ClInclude Include="IBacktest.h">
      <Filter>Header Files</Filter>
    </ClInclude>
    <ClInclude Include="Program.h">
      <Filter>Header Files</Filter>
    </ClInclude>
    <ClInclude Include="WGL4Render.h">
      <Filter>Header Files</Filter>
    </ClInclude>
    <ClInclude Include="WGL4TriangleRender.h">
      <Filter>Header Files</Filter>
    </ClInclude>
    <ClInclude Include="MAStrategyBacktest.h">
      <Filter>Header Files</Filter>
    </ClInclude>
  </ItemGroup>
</Project>